
Microsoft Visual Studio Solution File, Format Version 12.00
# Visual Studio Version 17
VisualStudioVersion = 17.9.34728.123
MinimumVisualStudioVersion = 10.0.40219.1
Project("{FAE04EC0-301F-11D3-BF4B-00C04F79EFBC}") = "JobOffers24", "JobOffers24\JobOffers24.csproj", "{6B777278-EB80-404F-B245-C42D97A850DA}"
EndProject
Global
	GlobalSection(SolutionConfigurationPlatforms) = preSolution
		Debug|Any CPU = Debug|Any CPU
		Release|Any CPU = Release|Any CPU
	EndGlobalSection
	GlobalSection(ProjectConfigurationPlatforms) = postSolution
		{6B777278-EB80-404F-B245-C42D97A850DA}.Debug|Any CPU.ActiveCfg = Debug|Any CPU
		{6B777278-EB80-404F-B245-C42D97A850DA}.Debug|Any CPU.Build.0 = Debug|Any CPU
		{6B777278-EB80-404F-B245-C42D97A850DA}.Release|Any CPU.ActiveCfg = Release|Any CPU
		{6B777278-EB80-404F-B245-C42D97A850DA}.Release|Any CPU.Build.0 = Release|Any CPU
	EndGlobalSection
	GlobalSection(SolutionProperties) = preSolution
		HideSolutionNode = FALSE
	EndGlobalSection
	GlobalSection(ExtensibilityGlobals) = postSolution
		SolutionGuid = {D8356B61-9E19-4943-AF7D-2112282ABE00}
	EndGlobalSection
EndGlobal
